// !$*UTF8*$!
{
	archiveVersion = 1;
	classes = {
	};
	objectVersion = 56;
	objects = {

/* Begin PBXBuildFile section */
		AA51D22A29196F2200149C32 /* LoginView.swift in Sources */ = {isa = PBXBuildFile; fileRef = AA51D22929196F2200149C32 /* LoginView.swift */; };
		AA60230F28ED6AEE00E480FB /* DavoloApp.swift in Sources */ = {isa = PBXBuildFile; fileRef = AA60230E28ED6AEE00E480FB /* DavoloApp.swift */; };
		AA60231328ED6AEE00E480FB /* Assets.xcassets in Resources */ = {isa = PBXBuildFile; fileRef = AA60231228ED6AEE00E480FB /* Assets.xcassets */; };
		AA60231628ED6AEE00E480FB /* Preview Assets.xcassets in Resources */ = {isa = PBXBuildFile; fileRef = AA60231528ED6AEE00E480FB /* Preview Assets.xcassets */; };
		AA60232328ED6D9C00E480FB /* VolleyballGame.swift in Sources */ = {isa = PBXBuildFile; fileRef = AA60232228ED6D9C00E480FB /* VolleyballGame.swift */; };
		AA60232528ED713200E480FB /* Game.swift in Sources */ = {isa = PBXBuildFile; fileRef = AA60232428ED713200E480FB /* Game.swift */; };
		AA60232728ED73C000E480FB /* RouterView.swift in Sources */ = {isa = PBXBuildFile; fileRef = AA60232628ED73C000E480FB /* RouterView.swift */; };
		AA7A99782917A32900B88DFE /* SelectPlayersView.swift in Sources */ = {isa = PBXBuildFile; fileRef = AA7A99772917A32900B88DFE /* SelectPlayersView.swift */; };
		AA7A997C2917A42A00B88DFE /* PlayerListView.swift in Sources */ = {isa = PBXBuildFile; fileRef = AA7A997B2917A42A00B88DFE /* PlayerListView.swift */; };
		AA7A997E2917A4D500B88DFE /* PositionListView.swift in Sources */ = {isa = PBXBuildFile; fileRef = AA7A997D2917A4D500B88DFE /* PositionListView.swift */; };
		AAD42FF429126E4600EB6513 /* Router in Frameworks */ = {isa = PBXBuildFile; productRef = AAD42FF329126E4600EB6513 /* Router */; };
/* End PBXBuildFile section */

/* Begin PBXFileReference section */
		AA51D22929196F2200149C32 /* LoginView.swift */ = {isa = PBXFileReference; lastKnownFileType = sourcecode.swift; path = LoginView.swift; sourceTree = "<group>"; };
		AA60230B28ED6AEE00E480FB /* Davolo.app */ = {isa = PBXFileReference; explicitFileType = wrapper.application; includeInIndex = 0; path = Davolo.app; sourceTree = BUILT_PRODUCTS_DIR; };
		AA60230E28ED6AEE00E480FB /* DavoloApp.swift */ = {isa = PBXFileReference; lastKnownFileType = sourcecode.swift; path = DavoloApp.swift; sourceTree = "<group>"; };
		AA60231228ED6AEE00E480FB /* Assets.xcassets */ = {isa = PBXFileReference; lastKnownFileType = folder.assetcatalog; path = Assets.xcassets; sourceTree = "<group>"; };
		AA60231528ED6AEE00E480FB /* Preview Assets.xcassets */ = {isa = PBXFileReference; lastKnownFileType = folder.assetcatalog; path = "Preview Assets.xcassets"; sourceTree = "<group>"; };
		AA60232228ED6D9C00E480FB /* VolleyballGame.swift */ = {isa = PBXFileReference; lastKnownFileType = sourcecode.swift; path = VolleyballGame.swift; sourceTree = "<group>"; };
		AA60232428ED713200E480FB /* Game.swift */ = {isa = PBXFileReference; lastKnownFileType = sourcecode.swift; path = Game.swift; sourceTree = "<group>"; };
		AA60232628ED73C000E480FB /* RouterView.swift */ = {isa = PBXFileReference; lastKnownFileType = sourcecode.swift; path = RouterView.swift; sourceTree = "<group>"; };
		AA7A99772917A32900B88DFE /* SelectPlayersView.swift */ = {isa = PBXFileReference; lastKnownFileType = sourcecode.swift; path = SelectPlayersView.swift; sourceTree = "<group>"; };
		AA7A997B2917A42A00B88DFE /* PlayerListView.swift */ = {isa = PBXFileReference; lastKnownFileType = sourcecode.swift; path = PlayerListView.swift; sourceTree = "<group>"; };
		AA7A997D2917A4D500B88DFE /* PositionListView.swift */ = {isa = PBXFileReference; lastKnownFileType = sourcecode.swift; path = PositionListView.swift; sourceTree = "<group>"; };
/* End PBXFileReference section */

/* Begin PBXFrameworksBuildPhase section */
		AA60230828ED6AEE00E480FB /* Frameworks */ = {
			isa = PBXFrameworksBuildPhase;
			buildActionMask = 2147483647;
			files = (
				AAD42FF429126E4600EB6513 /* Router in Frameworks */,
			);
			runOnlyForDeploymentPostprocessing = 0;
		};
/* End PBXFrameworksBuildPhase section */

/* Begin PBXGroup section */
		AA60230228ED6AEE00E480FB = {
			isa = PBXGroup;
			children = (
				AA60230D28ED6AEE00E480FB /* Davolo */,
				AA60230C28ED6AEE00E480FB /* Products */,
			);
			sourceTree = "<group>";
		};
		AA60230C28ED6AEE00E480FB /* Products */ = {
			isa = PBXGroup;
			children = (
				AA60230B28ED6AEE00E480FB /* Davolo.app */,
			);
			name = Products;
			sourceTree = "<group>";
		};
		AA60230D28ED6AEE00E480FB /* Davolo */ = {
			isa = PBXGroup;
			children = (
				AA60230E28ED6AEE00E480FB /* DavoloApp.swift */,
				AA60232628ED73C000E480FB /* RouterView.swift */,
				AA60232428ED713200E480FB /* Game.swift */,
				AA60232228ED6D9C00E480FB /* VolleyballGame.swift */,
				AA60231228ED6AEE00E480FB /* Assets.xcassets */,
				AA60231428ED6AEE00E480FB /* Preview Content */,
				AA7A99772917A32900B88DFE /* SelectPlayersView.swift */,
				AA7A997B2917A42A00B88DFE /* PlayerListView.swift */,
				AA7A997D2917A4D500B88DFE /* PositionListView.swift */,
				AA51D22929196F2200149C32 /* LoginView.swift */,
			);
			path = Davolo;
			sourceTree = "<group>";
		};
		AA60231428ED6AEE00E480FB /* Preview Content */ = {
			isa = PBXGroup;
			children = (
				AA60231528ED6AEE00E480FB /* Preview Assets.xcassets */,
			);
			path = "Preview Content";
			sourceTree = "<group>";
		};
/* End PBXGroup section */

/* Begin PBXNativeTarget section */
		AA60230A28ED6AEE00E480FB /* Davolo */ = {
			isa = PBXNativeTarget;
			buildConfigurationList = AA60231928ED6AEE00E480FB /* Build configuration list for PBXNativeTarget "Davolo" */;
			buildPhases = (
				AA60230728ED6AEE00E480FB /* Sources */,
				AA60230828ED6AEE00E480FB /* Frameworks */,
				AA60230928ED6AEE00E480FB /* Resources */,
			);
			buildRules = (
			);
			dependencies = (
			);
			name = Davolo;
			packageProductDependencies = (
				AAD42FF329126E4600EB6513 /* Router */,
			);
			productName = Davolo;
			productReference = AA60230B28ED6AEE00E480FB /* Davolo.app */;
			productType = "com.apple.product-type.application";
		};
/* End PBXNativeTarget section */

/* Begin PBXProject section */
		AA60230328ED6AEE00E480FB /* Project object */ = {
			isa = PBXProject;
			attributes = {
				BuildIndependentTargetsInParallel = 1;
				LastSwiftUpdateCheck = 1400;
				LastUpgradeCheck = 1400;
				TargetAttributes = {
					AA60230A28ED6AEE00E480FB = {
						CreatedOnToolsVersion = 14.0.1;
					};
				};
			};
			buildConfigurationList = AA60230628ED6AEE00E480FB /* Build configuration list for PBXProject "Davolo" */;
			compatibilityVersion = "Xcode 14.0";
			developmentRegion = en;
			hasScannedForEncodings = 0;
			knownRegions = (
				en,
				Base,
			);
			mainGroup = AA60230228ED6AEE00E480FB;
			packageReferences = (
				AAD42FF229126E4600EB6513 /* XCRemoteSwiftPackageReference "Router" */,
			);
			productRefGroup = AA60230C28ED6AEE00E480FB /* Products */;
			projectDirPath = "";
			projectRoot = "";
			targets = (
				AA60230A28ED6AEE00E480FB /* Davolo */,
			);
		};
/* End PBXProject section */

/* Begin PBXResourcesBuildPhase section */
		AA60230928ED6AEE00E480FB /* Resources */ = {
			isa = PBXResourcesBuildPhase;
			buildActionMask = 2147483647;
			files = (
				AA60231628ED6AEE00E480FB /* Preview Assets.xcassets in Resources */,
				AA60231328ED6AEE00E480FB /* Assets.xcassets in Resources */,
			);
			runOnlyForDeploymentPostprocessing = 0;
		};
/* End PBXResourcesBuildPhase section */

/* Begin PBXSourcesBuildPhase section */
		AA60230728ED6AEE00E480FB /* Sources */ = {
			isa = PBXSourcesBuildPhase;
			buildActionMask = 2147483647;
			files = (
				AA7A99782917A32900B88DFE /* SelectPlayersView.swift in Sources */,
				AA7A997E2917A4D500B88DFE /* PositionListView.swift in Sources */,
				AA60232528ED713200E480FB /* Game.swift in Sources */,
				AA60230F28ED6AEE00E480FB /* DavoloApp.swift in Sources */,
				AA7A997C2917A42A00B88DFE /* PlayerListView.swift in Sources */,
				AA60232728ED73C000E480FB /* RouterView.swift in Sources */,
				AA51D22A29196F2200149C32 /* LoginView.swift in Sources */,
				AA60232328ED6D9C00E480FB /* VolleyballGame.swift in Sources */,
			);
			runOnlyForDeploymentPostprocessing = 0;
		};
/* End PBXSourcesBuildPhase section */

/* Begin XCBuildConfiguration section */
		AA60231728ED6AEE00E480FB /* Debug */ = {
			isa = XCBuildConfiguration;
			buildSettings = {
				ALWAYS_SEARCH_USER_PATHS = NO;
				CLANG_ANALYZER_NONNULL = YES;
				CLANG_ANALYZER_NUMBER_OBJECT_CONVERSION = YES_AGGRESSIVE;
				CLANG_CXX_LANGUAGE_STANDARD = "gnu++20";
				CLANG_ENABLE_MODULES = YES;
				CLANG_ENABLE_OBJC_ARC = YES;
				CLANG_ENABLE_OBJC_WEAK = YES;
				CLANG_WARN_BLOCK_CAPTURE_AUTORELEASING = YES;
				CLANG_WARN_BOOL_CONVERSION = YES;
				CLANG_WARN_COMMA = YES;
				CLANG_WARN_CONSTANT_CONVERSION = YES;
				CLANG_WARN_DEPRECATED_OBJC_IMPLEMENTATIONS = YES;
				CLANG_WARN_DIRECT_OBJC_ISA_USAGE = YES_ERROR;
				CLANG_WARN_DOCUMENTATION_COMMENTS = YES;
				CLANG_WARN_EMPTY_BODY = YES;
				CLANG_WARN_ENUM_CONVERSION = YES;
				CLANG_WARN_INFINITE_RECURSION = YES;
				CLANG_WARN_INT_CONVERSION = YES;
				CLANG_WARN_NON_LITERAL_NULL_CONVERSION = YES;
				CLANG_WARN_OBJC_IMPLICIT_RETAIN_SELF = YES;
				CLANG_WARN_OBJC_LITERAL_CONVERSION = YES;
				CLANG_WARN_OBJC_ROOT_CLASS = YES_ERROR;
				CLANG_WARN_QUOTED_INCLUDE_IN_FRAMEWORK_HEADER = YES;
				CLANG_WARN_RANGE_LOOP_ANALYSIS = YES;
				CLANG_WARN_STRICT_PROTOTYPES = YES;
				CLANG_WARN_SUSPICIOUS_MOVE = YES;
				CLANG_WARN_UNGUARDED_AVAILABILITY = YES_AGGRESSIVE;
				CLANG_WARN_UNREACHABLE_CODE = YES;
				CLANG_WARN__DUPLICATE_METHOD_MATCH = YES;
				COPY_PHASE_STRIP = NO;
				DEBUG_INFORMATION_FORMAT = dwarf;
				ENABLE_STRICT_OBJC_MSGSEND = YES;
				ENABLE_TESTABILITY = YES;
				GCC_C_LANGUAGE_STANDARD = gnu11;
				GCC_DYNAMIC_NO_PIC = NO;
				GCC_NO_COMMON_BLOCKS = YES;
				GCC_OPTIMIZATION_LEVEL = 0;
				GCC_PREPROCESSOR_DEFINITIONS = (
					"DEBUG=1",
					"$(inherited)",
				);
				GCC_WARN_64_TO_32_BIT_CONVERSION = YES;
				GCC_WARN_ABOUT_RETURN_TYPE = YES_ERROR;
				GCC_WARN_UNDECLARED_SELECTOR = YES;
				GCC_WARN_UNINITIALIZED_AUTOS = YES_AGGRESSIVE;
				GCC_WARN_UNUSED_FUNCTION = YES;
				GCC_WARN_UNUSED_VARIABLE = YES;
				IPHONEOS_DEPLOYMENT_TARGET = 16.0;
				MTL_ENABLE_DEBUG_INFO = INCLUDE_SOURCE;
				MTL_FAST_MATH = YES;
				ONLY_ACTIVE_ARCH = YES;
				SDKROOT = iphoneos;
				SWIFT_ACTIVE_COMPILATION_CONDITIONS = DEBUG;
				SWIFT_OPTIMIZATION_LEVEL = "-Onone";
			};
			name = Debug;
		};
		AA60231828ED6AEE00E480FB /* Release */ = {
			isa = XCBuildConfiguration;
			buildSettings = {
				ALWAYS_SEARCH_USER_PATHS = NO;
				CLANG_ANALYZER_NONNULL = YES;
				CLANG_ANALYZER_NUMBER_OBJECT_CONVERSION = YES_AGGRESSIVE;
				CLANG_CXX_LANGUAGE_STANDARD = "gnu++20";
				CLANG_ENABLE_MODULES = YES;
				CLANG_ENABLE_OBJC_ARC = YES;
				CLANG_ENABLE_OBJC_WEAK = YES;
				CLANG_WARN_BLOCK_CAPTURE_AUTORELEASING = YES;
				CLANG_WARN_BOOL_CONVERSION = YES;
				CLANG_WARN_COMMA = YES;
				CLANG_WARN_CONSTANT_CONVERSION = YES;
				CLANG_WARN_DEPRECATED_OBJC_IMPLEMENTATIONS = YES;
				CLANG_WARN_DIRECT_OBJC_ISA_USAGE = YES_ERROR;
				CLANG_WARN_DOCUMENTATION_COMMENTS = YES;
				CLANG_WARN_EMPTY_BODY = YES;
				CLANG_WARN_ENUM_CONVERSION = YES;
				CLANG_WARN_INFINITE_RECURSION = YES;
				CLANG_WARN_INT_CONVERSION = YES;
				CLANG_WARN_NON_LITERAL_NULL_CONVERSION = YES;
				CLANG_WARN_OBJC_IMPLICIT_RETAIN_SELF = YES;
				CLANG_WARN_OBJC_LITERAL_CONVERSION = YES;
				CLANG_WARN_OBJC_ROOT_CLASS = YES_ERROR;
				CLANG_WARN_QUOTED_INCLUDE_IN_FRAMEWORK_HEADER = YES;
				CLANG_WARN_RANGE_LOOP_ANALYSIS = YES;
				CLANG_WARN_STRICT_PROTOTYPES = YES;
				CLANG_WARN_SUSPICIOUS_MOVE = YES;
				CLANG_WARN_UNGUARDED_AVAILABILITY = YES_AGGRESSIVE;
				CLANG_WARN_UNREACHABLE_CODE = YES;
				CLANG_WARN__DUPLICATE_METHOD_MATCH = YES;
				COPY_PHASE_STRIP = NO;
				DEBUG_INFORMATION_FORMAT = "dwarf-with-dsym";
				ENABLE_NS_ASSERTIONS = NO;
				ENABLE_STRICT_OBJC_MSGSEND = YES;
				GCC_C_LANGUAGE_STANDARD = gnu11;
				GCC_NO_COMMON_BLOCKS = YES;
				GCC_WARN_64_TO_32_BIT_CONVERSION = YES;
				GCC_WARN_ABOUT_RETURN_TYPE = YES_ERROR;
				GCC_WARN_UNDECLARED_SELECTOR = YES;
				GCC_WARN_UNINITIALIZED_AUTOS = YES_AGGRESSIVE;
				GCC_WARN_UNUSED_FUNCTION = YES;
				GCC_WARN_UNUSED_VARIABLE = YES;
				IPHONEOS_DEPLOYMENT_TARGET = 16.0;
				MTL_ENABLE_DEBUG_INFO = NO;
				MTL_FAST_MATH = YES;
				SDKROOT = iphoneos;
				SWIFT_COMPILATION_MODE = wholemodule;
				SWIFT_OPTIMIZATION_LEVEL = "-O";
				VALIDATE_PRODUCT = YES;
			};
			name = Release;
		};
		AA60231A28ED6AEE00E480FB /* Debug */ = {
			isa = XCBuildConfiguration;
			buildSettings = {
				ASSETCATALOG_COMPILER_APPICON_NAME = AppIcon;
				ASSETCATALOG_COMPILER_GLOBAL_ACCENT_COLOR_NAME = AccentColor;
				CODE_SIGN_STYLE = Automatic;
				CURRENT_PROJECT_VERSION = 1;
				DEVELOPMENT_ASSET_PATHS = "\"Davolo/Preview Content\"";
				DEVELOPMENT_TEAM = H9PQ8N6P8N;
				ENABLE_PREVIEWS = YES;
				GENERATE_INFOPLIST_FILE = YES;
				INFOPLIST_KEY_UIApplicationSceneManifest_Generation = YES;
				INFOPLIST_KEY_UIApplicationSupportsIndirectInputEvents = YES;
				INFOPLIST_KEY_UILaunchScreen_Generation = YES;
				INFOPLIST_KEY_UISupportedInterfaceOrientations_iPad = "UIInterfaceOrientationPortrait UIInterfaceOrientationPortraitUpsideDown UIInterfaceOrientationLandscapeLeft UIInterfaceOrientationLandscapeRight";
				INFOPLIST_KEY_UISupportedInterfaceOrientations_iPhone = "UIInterfaceOrientationPortrait UIInterfaceOrientationLandscapeLeft UIInterfaceOrientationLandscapeRight";
				LD_RUNPATH_SEARCH_PATHS = (
					"$(inherited)",
					"@executable_path/Frameworks",
				);
				MARKETING_VERSION = 1.0;
				PRODUCT_BUNDLE_IDENTIFIER = "xeo.gillis-telenet.be.Davolo";
				PRODUCT_NAME = "$(TARGET_NAME)";
				SWIFT_EMIT_LOC_STRINGS = YES;
				SWIFT_VERSION = 5.0;
				TARGETED_DEVICE_FAMILY = "1,2";
			};
			name = Debug;
		};
		AA60231B28ED6AEE00E480FB /* Release */ = {
			isa = XCBuildConfiguration;
			buildSettings = {
				ASSETCATALOG_COMPILER_APPICON_NAME = AppIcon;
				ASSETCATALOG_COMPILER_GLOBAL_ACCENT_COLOR_NAME = AccentColor;
				CODE_SIGN_STYLE = Automatic;
				CURRENT_PROJECT_VERSION = 1;
				DEVELOPMENT_ASSET_PATHS = "\"Davolo/Preview Content\"";
				DEVELOPMENT_TEAM = H9PQ8N6P8N;
				ENABLE_PREVIEWS = YES;
				GENERATE_INFOPLIST_FILE = YES;
				INFOPLIST_KEY_UIApplicationSceneManifest_Generation = YES;
				INFOPLIST_KEY_UIApplicationSupportsIndirectInputEvents = YES;
				INFOPLIST_KEY_UILaunchScreen_Generation = YES;
				INFOPLIST_KEY_UISupportedInterfaceOrientations_iPad = "UIInterfaceOrientationPortrait UIInterfaceOrientationPortraitUpsideDown UIInterfaceOrientationLandscapeLeft UIInterfaceOrientationLandscapeRight";
				INFOPLIST_KEY_UISupportedInterfaceOrientations_iPhone = "UIInterfaceOrientationPortrait UIInterfaceOrientationLandscapeLeft UIInterfaceOrientationLandscapeRight";
				LD_RUNPATH_SEARCH_PATHS = (
					"$(inherited)",
					"@executable_path/Frameworks",
				);
				MARKETING_VERSION = 1.0;
				PRODUCT_BUNDLE_IDENTIFIER = "xeo.gillis-telenet.be.Davolo";
				PRODUCT_NAME = "$(TARGET_NAME)";
				SWIFT_EMIT_LOC_STRINGS = YES;
				SWIFT_VERSION = 5.0;
				TARGETED_DEVICE_FAMILY = "1,2";
			};
			name = Release;
		};
/* End XCBuildConfiguration section */

/* Begin XCConfigurationList section */
		AA60230628ED6AEE00E480FB /* Build configuration list for PBXProject "Davolo" */ = {
			isa = XCConfigurationList;
			buildConfigurations = (
				AA60231728ED6AEE00E480FB /* Debug */,
				AA60231828ED6AEE00E480FB /* Release */,
			);
			defaultConfigurationIsVisible = 0;
			defaultConfigurationName = Release;
		};
		AA60231928ED6AEE00E480FB /* Build configuration list for PBXNativeTarget "Davolo" */ = {
			isa = XCConfigurationList;
			buildConfigurations = (
				AA60231A28ED6AEE00E480FB /* Debug */,
				AA60231B28ED6AEE00E480FB /* Release */,
			);
			defaultConfigurationIsVisible = 0;
			defaultConfigurationName = Release;
		};
/* End XCConfigurationList section */

/* Begin XCRemoteSwiftPackageReference section */
		AAD42FF229126E4600EB6513 /* XCRemoteSwiftPackageReference "Router" */ = {
			isa = XCRemoteSwiftPackageReference;
			repositoryURL = "git@github.com:1amageek/Router.git";
			requirement = {
				kind = upToNextMajorVersion;
				minimumVersion = 0.5.0;
			};
		};
/* End XCRemoteSwiftPackageReference section */

/* Begin XCSwiftPackageProductDependency section */
		AAD42FF329126E4600EB6513 /* Router */ = {
			isa = XCSwiftPackageProductDependency;
			package = AAD42FF229126E4600EB6513 /* XCRemoteSwiftPackageReference "Router" */;
			productName = Router;
		};
/* End XCSwiftPackageProductDependency section */
	};
	rootObject = AA60230328ED6AEE00E480FB /* Project object */;
}
